# THIS IS AN AUTOGENERATED FILE. DO NOT EDIT THIS FILE DIRECTLY.
# yarn lockfile v1


"@popperjs/core@^2.9.2":
  version "2.11.6"
  resolved "https://registry.yarnpkg.com/@popperjs/core/-/core-2.11.6.tgz#cee20bd55e68a1720bdab363ecf0c821ded4cd45"
  integrity sha512-50/17A98tWUfQ176raKiOGXuYpLyyVMkxxG6oylzL3BPOlA6ADGdK7EYunSa4I064xerltq9TGXs8HmOk5E+vw==

"@types/prop-types@*":
  version "15.7.5"
  resolved "https://registry.yarnpkg.com/@types/prop-types/-/prop-types-15.7.5.tgz#5f19d2b85a98e9558036f6a3cacc8819420f05cf"
  integrity sha512-JCB8C6SnDoQf0cNycqd/35A7MjcnK+ZTqE7judS6o7utxUCg6imJg3QK2qzHKszlTjcj2cn+NwMB2i96ubpj7w==

"@types/react-datepicker@4.4.2":
  version "4.4.2"
  resolved "https://registry.yarnpkg.com/@types/react-datepicker/-/react-datepicker-4.4.2.tgz#13ab25a5fff7f3da4c5380c471efd8b38f53010e"
  integrity sha512-g8DhWvYmaIMLzVrIEVLXncylyImyBaoPsEUr3yR13JDaaHoebhDorqnVv4tLkNGa8SjBB8SAOQvxD5jaPNBX8A==
  dependencies:
    "@popperjs/core" "^2.9.2"
    "@types/react" "*"
    date-fns "^2.0.1"
    react-popper "^2.2.5"

"@types/react@*":
  version "18.0.18"
  resolved "https://registry.yarnpkg.com/@types/react/-/react-18.0.18.tgz#9f16f33d57bc5d9dca848d12c3572110ff9429ac"
  integrity sha512-6hI08umYs6NaiHFEEGioXnxJ+oEhY3eRz8VCUaudZmGdtvPviCJB8mgaMxaDWAdPSYd4eFavrPk2QIolwbLYrg==
  dependencies:
    "@types/prop-types" "*"
    "@types/scheduler" "*"
    csstype "^3.0.2"

"@types/scheduler@*":
  version "0.16.2"
  resolved "https://registry.yarnpkg.com/@types/scheduler/-/scheduler-0.16.2.tgz#1a62f89525723dde24ba1b01b092bf5df8ad4d39"
  integrity sha512-hppQEBDmlwhFAXKJX2KnWLYu5yMfi91yazPb2l+lbJiwW+wdo1gNeRA+3RgNSO39WYX2euey41KEwnqesU2Jew==

classnames@^2.2.6:
  version "2.3.1"
  resolved "https://registry.yarnpkg.com/classnames/-/classnames-2.3.1.tgz#dfcfa3891e306ec1dad105d0e88f4417b8535e8e"
  integrity sha512-OlQdbZ7gLfGarSqxesMesDa5uz7KFbID8Kpq/SxIoNGDqY8lSYs0D+hhtBXhcdB3rcbXArFr7vlHheLk1voeNA==

csstype@^3.0.2:
  version "3.1.0"
  resolved "https://registry.yarnpkg.com/csstype/-/csstype-3.1.0.tgz#4ddcac3718d787cf9df0d1b7d15033925c8f29f2"
  integrity sha512-uX1KG+x9h5hIJsaKR9xHUeUraxf8IODOwq9JLNPq6BwB04a/xgpq3rcx47l5BZu5zBPlgD342tdke3Hom/nJRA==

date-fns@^2.0.1, date-fns@^2.24.0:
  version "2.29.2"
  resolved "https://registry.yarnpkg.com/date-fns/-/date-fns-2.29.2.tgz#0d4b3d0f3dff0f920820a070920f0d9662c51931"
  integrity sha512-0VNbwmWJDS/G3ySwFSJA3ayhbURMTJLtwM2DTxf9CWondCnh6DTNlO9JgRSq6ibf4eD0lfMJNBxUdEAHHix+bA==

"js-tokens@^3.0.0 || ^4.0.0":
  version "4.0.0"
  resolved "https://registry.yarnpkg.com/js-tokens/-/js-tokens-4.0.0.tgz#19203fb59991df98e3a287050d4647cdeaf32499"
  integrity sha512-RdJUflcE3cUzKiMqQgsCu06FPu9UdIJO0beYbPhHN4k6apgJtifcoCtT9bcxOpYBtpD2kCM6Sbzg4CausW/PKQ==

loose-envify@^1.0.0, loose-envify@^1.4.0:
  version "1.4.0"
  resolved "https://registry.yarnpkg.com/loose-envify/-/loose-envify-1.4.0.tgz#71ee51fa7be4caec1a63839f7e682d8132d30caf"
  integrity sha512-lyuxPGr/Wfhrlem2CL/UcnUc1zcqKAImBDzukY7Y5F/yQiNdko6+fRLevlw1HgMySw7f611UIY408EtxRSoK3Q==
  dependencies:
    js-tokens "^3.0.0 || ^4.0.0"

object-assign@^4.1.1:
  version "4.1.1"
  resolved "https://registry.yarnpkg.com/object-assign/-/object-assign-4.1.1.tgz#2109adc7965887cfc05cbbd442cac8bfbb360863"
  integrity sha512-rJgTQnkUnH1sFw8yT6VSU3zD3sWmu6sZhIseY8VX+GRu3P6F7Fu+JNDoXfklElbLJSnc3FUQHVe4cU5hj+BcUg==

prop-types@^15.7.2:
  version "15.8.1"
  resolved "https://registry.yarnpkg.com/prop-types/-/prop-types-15.8.1.tgz#67d87bf1a694f48435cf332c24af10214a3140b5"
  integrity sha512-oj87CgZICdulUohogVAR7AjlC0327U4el4L6eAvOqCeudMDVU0NThNaV+b9Df4dXgSP1gXMTnPdhfe/2qDH5cg==
  dependencies:
    loose-envify "^1.4.0"
    object-assign "^4.1.1"
    react-is "^16.13.1"

react-datepicker@4.8.0:
  version "4.8.0"
  resolved "https://registry.yarnpkg.com/react-datepicker/-/react-datepicker-4.8.0.tgz#11b8918d085a1ce4781eee4c8e4641b3cd592010"
  integrity sha512-u69zXGHMpxAa4LeYR83vucQoUCJQ6m/WBsSxmUMu/M8ahTSVMMyiyQzauHgZA2NUr9y0FUgOAix71hGYUb6tvg==
  dependencies:
    "@popperjs/core" "^2.9.2"
    classnames "^2.2.6"
    date-fns "^2.24.0"
    prop-types "^15.7.2"
    react-onclickoutside "^6.12.0"
    react-popper "^2.2.5"

react-fast-compare@^3.0.1:
  version "3.2.0"
  resolved "https://registry.yarnpkg.com/react-fast-compare/-/react-fast-compare-3.2.0.tgz#641a9da81b6a6320f270e89724fb45a0b39e43bb"
  integrity sha512-rtGImPZ0YyLrscKI9xTpV8psd6I8VAtjKCzQDlzyDvqJA8XOW78TXYQwNRNd8g8JZnDu8q9Fu/1v4HPAVwVdHA==

react-is@^16.13.1:
  version "16.13.1"
  resolved "https://registry.yarnpkg.com/react-is/-/react-is-16.13.1.tgz#789729a4dc36de2999dc156dd6c1d9c18cea56a4"
  integrity sha512-24e6ynE2H+OKt4kqsOvNd8kBpV65zoxbA4BVsEOB3ARVWQki/DHzaUoC5KuON/BiccDaCCTZBuOcfZs70kR8bQ==

react-onclickoutside@^6.12.0:
  version "6.12.2"
  resolved "https://registry.yarnpkg.com/react-onclickoutside/-/react-onclickoutside-6.12.2.tgz#8e6cf80c7d17a79f2c908399918158a7b02dda01"
  integrity sha512-NMXGa223OnsrGVp5dJHkuKxQ4czdLmXSp5jSV9OqiCky9LOpPATn3vLldc+q5fK3gKbEHvr7J1u0yhBh/xYkpA==

react-popper@^2.2.5:
  version "2.3.0"
  resolved "https://registry.yarnpkg.com/react-popper/-/react-popper-2.3.0.tgz#17891c620e1320dce318bad9fede46a5f71c70ba"
  integrity sha512-e1hj8lL3uM+sgSR4Lxzn5h1GxBlpa4CQz0XLF8kx4MDrDRWY0Ena4c97PUeSX9i5W3UAfDP0z0FXCTQkoXUl3Q==
  dependencies:
    react-fast-compare "^3.0.1"
    warning "^4.0.2"

warning@^4.0.2:
  version "4.0.3"
  resolved "https://registry.yarnpkg.com/warning/-/warning-4.0.3.tgz#16e9e077eb8a86d6af7d64aa1e05fd85b4678ca3"
  integrity sha512-rpJyN222KWIvHJ/F53XSZv0Zl/accqHR8et1kpaMTD/fLCRxtV8iX8czMzY7sVZupTI3zcUTg8eycS2kNF9l6w==
  dependencies:
    loose-envify "^1.0.0"
